sonata_block:
    context_manager: sonata.page.block.context_manager
    default_contexts: [sonata_page_bundle]

    http_cache:
        listener: true

    menus:
        "SonataDemoBundle:Builder:mainMenu": "Main Menu"

    blocks:
      # Some block with different templates
      #acme.demo.block.demo:
      #    templates:
      #       - { name: 'Simple', template: '@AcmeDemo/Block/demo_simple.html.twig' }
      #       - { name: 'Big',    template: '@AcmeDemo/Block/demo_big.html.twig' }
      sonata.admin.block.stats:
          contexts:   [admin]
      sonata.admin.block.admin_list:
          contexts:   [admin]
      sonata.admin.block.search_result:
          contexts:   [admin]

      #sonata.admin_doctrine_orm.block.audit:
      #    contexts:   [admin]

      # Builtin Block
